Microsoft Visual Studio Solution File, Format Version 12.00
# Visual Studio Version 17
VisualStudioVersion = 17.0.32014.148
MinimumVisualStudioVersion = 10.0.40219.1
Project("{9A19103F-16F7-4668-BE54-9A1E7A4F7556}") = "Approvals", "Approvals\Approvals.csproj", "{FFD636E7-4E24-45B3-8ACB-CCF273327A38}"
EndProject
Global
	GlobalSection(SolutionConfigurationPlatforms) = preSolution
		Debug|Any CPU = Debug|Any CPU
		Release|Any CPU = Release|Any CPU
	EndGlobalSection
	GlobalSection(ProjectConfigurationPlatforms) = postSolution
		{FFD636E7-4E24-45B3-8ACB-CCF273327A38}.Debug|Any CPU.ActiveCfg = Debug|Any CPU
		{FFD636E7-4E24-45B3-8ACB-CCF273327A38}.Debug|Any CPU.Build.0 = Debug|Any CPU
		{FFD636E7-4E24-45B3-8ACB-CCF273327A38}.Release|Any CPU.ActiveCfg = Release|Any CPU
		{FFD636E7-4E24-45B3-8ACB-CCF273327A38}.Release|Any CPU.Build.0 = Release|Any CPU
	EndGlobalSection
	GlobalSection(SolutionProperties) = preSolution
		HideSolutionNode = FALSE
	EndGlobalSection
	GlobalSection(ExtensibilityGlobals) = postSolution
		SolutionGuid = {BA24C68B-0D29-488F-A86A-4ED5CB68C3D5}
	EndGlobalSection
EndGlobal
